{
    "version": 3,
    "terraform_version": "0.11.13",
    "serial": 4,
    "lineage": "6bfcfc2d-60d9-1d1e-4389-3f2367562c46",
    "modules": [
        {
            "path": [
                "root"
            ],
            "outputs": {
                "nginx_domain": {
                    "sensitive": false,
                    "type": "string",
                    "value": "ec2-52-91-166-102.compute-1.amazonaws.com"
                }
            },
            "resources": {
                "aws_instance.instance": {
                    "type": "aws_instance",
                    "depends_on": [
                        "aws_security_group.security-group",
                        "aws_subnet.subnet-a",
                        "data.aws_ami.centos"
                    ],
                    "primary": {
                        "id": "i-0f2bb8fe363584b66",
                        "attributes": {
                            "ami": "ami-02eac2c0129f6376b",
                            "arn": "arn:aws:ec2:us-east-1:363333761609:instance/i-0f2bb8fe363584b66",
                            "associate_public_ip_address": "true",
                            "availability_zone": "us-east-1a",
                            "cpu_core_count": "1",
                            "cpu_threads_per_core": "1",
                            "credit_specification.#": "1",
                            "credit_specification.0.cpu_credits": "standard",
                            "disable_api_termination": "false",
                            "ebs_block_device.#": "0",
                            "ebs_optimized": "false",
                            "ephemeral_block_device.#": "0",
                            "get_password_data": "false",
                            "iam_instance_profile": "",
                            "id": "i-0f2bb8fe363584b66",
                            "instance_state": "running",
                            "instance_type": "t2.small",
                            "ipv6_addresses.#": "0",
                            "key_name": "",
                            "monitoring": "false",
                            "network_interface.#": "0",
                            "password_data": "",
                            "placement_group": "",
                            "primary_network_interface_id": "eni-05e0648d24370871b",
                            "private_dns": "ip-10-10-11-17.ec2.internal",
                            "private_ip": "10.10.11.17",
                            "public_dns": "ec2-52-91-166-102.compute-1.amazonaws.com",
                            "public_ip": "52.91.166.102",
                            "root_block_device.#": "1",
                            "root_block_device.0.delete_on_termination": "false",
                            "root_block_device.0.iops": "100",
                            "root_block_device.0.volume_id": "vol-05b85196ed56912ce",
                            "root_block_device.0.volume_size": "8",
                            "root_block_device.0.volume_type": "gp2",
                            "security_groups.#": "0",
                            "source_dest_check": "true",
                            "subnet_id": "subnet-0c4c33eeb1ba46860",
                            "tags.%": "0",
                            "tenancy": "default",
                            "user_data": "7a8c8df899b01a7cb3e7327b11300cd98e440073",
                            "volume_tags.%": "0",
                            "vpc_security_group_ids.#": "1",
                            "vpc_security_group_ids.1148626228": "sg-0b7945910c7f203d4"
                        },
                        "meta": {
                            "e2bfb730-ecaa-11e6-8f88-34363bc7c4c0": {
                                "create": 600000000000,
                                "delete": 1200000000000,
                                "update": 600000000000
                            },
                            "schema_version": "1"
                        },
                        "tainted": false
                    },
                    "deposed": [],
                    "provider": "provider.aws"
                },
                "aws_internet_gateway.igw": {
                    "type": "aws_internet_gateway",
                    "depends_on": [
                        "aws_vpc.vpc"
                    ],
                    "primary": {
                        "id": "igw-001fa0a176867d817",
                        "attributes": {
                            "id": "igw-001fa0a176867d817",
                            "owner_id": "363333761609",
                            "tags.%": "0",
                            "vpc_id": "vpc-0b19f7d2b125c5891"
                        },
                        "meta": {},
                        "tainted": false
                    },
                    "deposed": [],
                    "provider": "provider.aws"
                },
                "aws_route.subnet-route": {
                    "type": "aws_route",
                    "depends_on": [
                        "aws_internet_gateway.igw",
                        "aws_route_table.subnet-route-table"
                    ],
                    "primary": {
                        "id": "r-rtb-0dc374ddc0c77a0c41080289494",
                        "attributes": {
                            "destination_cidr_block": "0.0.0.0/0",
                            "destination_prefix_list_id": "",
                            "egress_only_gateway_id": "",
                            "gateway_id": "igw-001fa0a176867d817",
                            "id": "r-rtb-0dc374ddc0c77a0c41080289494",
                            "instance_id": "",
                            "instance_owner_id": "",
                            "nat_gateway_id": "",
                            "network_interface_id": "",
                            "origin": "CreateRoute",
                            "route_table_id": "rtb-0dc374ddc0c77a0c4",
                            "state": "active",
                            "transit_gateway_id": "",
                            "vpc_peering_connection_id": ""
                        },
                        "meta": {
                            "e2bfb730-ecaa-11e6-8f88-34363bc7c4c0": {
                                "create": 120000000000,
                                "delete": 300000000000
                            }
                        },
                        "tainted": false
                    },
                    "deposed": [],
                    "provider": "provider.aws"
                },
                "aws_route_table.subnet-route-table": {
                    "type": "aws_route_table",
                    "depends_on": [
                        "aws_vpc.vpc"
                    ],
                    "primary": {
                        "id": "rtb-0dc374ddc0c77a0c4",
                        "attributes": {
                            "id": "rtb-0dc374ddc0c77a0c4",
                            "owner_id": "363333761609",
                            "propagating_vgws.#": "0",
                            "route.#": "1",
                            "route.3558204934.cidr_block": "0.0.0.0/0",
                            "route.3558204934.egress_only_gateway_id": "",
                            "route.3558204934.gateway_id": "igw-001fa0a176867d817",
                            "route.3558204934.instance_id": "",
                            "route.3558204934.ipv6_cidr_block": "",
                            "route.3558204934.nat_gateway_id": "",
                            "route.3558204934.network_interface_id": "",
                            "route.3558204934.transit_gateway_id": "",
                            "route.3558204934.vpc_peering_connection_id": "",
                            "tags.%": "0",
                            "vpc_id": "vpc-0b19f7d2b125c5891"
                        },
                        "meta": {},
                        "tainted": false
                    },
                    "deposed": [],
                    "provider": "provider.aws"
                },
                "aws_route_table_association.subnet-a-route-table-association": {
                    "type": "aws_route_table_association",
                    "depends_on": [
                        "aws_route_table.subnet-route-table",
                        "aws_subnet.subnet-a"
                    ],
                    "primary": {
                        "id": "rtbassoc-00f34c218586d457c",
                        "attributes": {
                            "id": "rtbassoc-00f34c218586d457c",
                            "route_table_id": "rtb-0dc374ddc0c77a0c4",
                            "subnet_id": "subnet-0c4c33eeb1ba46860"
                        },
                        "meta": {},
                        "tainted": false
                    },
                    "deposed": [],
                    "provider": "provider.aws"
                },
                "aws_route_table_association.subnet-b-route-table-association": {
                    "type": "aws_route_table_association",
                    "depends_on": [
                        "aws_route_table.subnet-route-table",
                        "aws_subnet.subnet-b"
                    ],
                    "primary": {
                        "id": "rtbassoc-05e9800b7ecde8148",
                        "attributes": {
                            "id": "rtbassoc-05e9800b7ecde8148",
                            "route_table_id": "rtb-0dc374ddc0c77a0c4",
                            "subnet_id": "subnet-079316770a78570ef"
                        },
                        "meta": {},
                        "tainted": false
                    },
                    "deposed": [],
                    "provider": "provider.aws"
                },
                "aws_route_table_association.subnet-c-route-table-association": {
                    "type": "aws_route_table_association",
                    "depends_on": [
                        "aws_route_table.subnet-route-table",
                        "aws_subnet.subnet-c"
                    ],
                    "primary": {
                        "id": "rtbassoc-041251b41ebc86c22",
                        "attributes": {
                            "id": "rtbassoc-041251b41ebc86c22",
                            "route_table_id": "rtb-0dc374ddc0c77a0c4",
                            "subnet_id": "subnet-0b102ee15a741f347"
                        },
                        "meta": {},
                        "tainted": false
                    },
                    "deposed": [],
                    "provider": "provider.aws"
                },
                "aws_route_table_association.subnet-d-route-table-association": {
                    "type": "aws_route_table_association",
                    "depends_on": [
                        "aws_route_table.subnet-route-table",
                        "aws_subnet.subnet-d.*"
                    ],
                    "primary": {
                        "id": "rtbassoc-0c781b318c5c69a54",
                        "attributes": {
                            "id": "rtbassoc-0c781b318c5c69a54",
                            "route_table_id": "rtb-0dc374ddc0c77a0c4",
                            "subnet_id": "subnet-08349056c3e475682"
                        },
                        "meta": {},
                        "tainted": false
                    },
                    "deposed": [],
                    "provider": "provider.aws"
                },
                "aws_security_group.security-group": {
                    "type": "aws_security_group",
                    "depends_on": [
                        "aws_vpc.vpc"
                    ],
                    "primary": {
                        "id": "sg-0b7945910c7f203d4",
                        "attributes": {
                            "arn": "arn:aws:ec2:us-east-1:363333761609:security-group/sg-0b7945910c7f203d4",
                            "description": "Managed by Terraform",
                            "egress.#": "1",
                            "egress.482069346.cidr_blocks.#": "1",
                            "egress.482069346.cidr_blocks.0": "0.0.0.0/0",
                            "egress.482069346.description": "",
                            "egress.482069346.from_port": "0",
                            "egress.482069346.ipv6_cidr_blocks.#": "0",
                            "egress.482069346.prefix_list_ids.#": "0",
                            "egress.482069346.protocol": "-1",
                            "egress.482069346.security_groups.#": "0",
                            "egress.482069346.self": "false",
                            "egress.482069346.to_port": "0",
                            "id": "sg-0b7945910c7f203d4",
                            "ingress.#": "3",
                            "ingress.2214680975.cidr_blocks.#": "1",
                            "ingress.2214680975.cidr_blocks.0": "0.0.0.0/0",
                            "ingress.2214680975.description": "",
                            "ingress.2214680975.from_port": "80",
                            "ingress.2214680975.ipv6_cidr_blocks.#": "0",
                            "ingress.2214680975.prefix_list_ids.#": "0",
                            "ingress.2214680975.protocol": "tcp",
                            "ingress.2214680975.security_groups.#": "0",
                            "ingress.2214680975.self": "false",
                            "ingress.2214680975.to_port": "80",
                            "ingress.2541437006.cidr_blocks.#": "1",
                            "ingress.2541437006.cidr_blocks.0": "0.0.0.0/0",
                            "ingress.2541437006.description": "",
                            "ingress.2541437006.from_port": "22",
                            "ingress.2541437006.ipv6_cidr_blocks.#": "0",
                            "ingress.2541437006.prefix_list_ids.#": "0",
                            "ingress.2541437006.protocol": "tcp",
                            "ingress.2541437006.security_groups.#": "0",
                            "ingress.2541437006.self": "false",
                            "ingress.2541437006.to_port": "22",
                            "ingress.2617001939.cidr_blocks.#": "1",
                            "ingress.2617001939.cidr_blocks.0": "0.0.0.0/0",
                            "ingress.2617001939.description": "",
                            "ingress.2617001939.from_port": "443",
                            "ingress.2617001939.ipv6_cidr_blocks.#": "0",
                            "ingress.2617001939.prefix_list_ids.#": "0",
                            "ingress.2617001939.protocol": "tcp",
                            "ingress.2617001939.security_groups.#": "0",
                            "ingress.2617001939.self": "false",
                            "ingress.2617001939.to_port": "443",
                            "name": "terraform-20190409154021661500000001",
                            "owner_id": "363333761609",
                            "revoke_rules_on_delete": "false",
                            "tags.%": "0",
                            "vpc_id": "vpc-0b19f7d2b125c5891"
                        },
                        "meta": {
                            "e2bfb730-ecaa-11e6-8f88-34363bc7c4c0": {
                                "create": 600000000000,
                                "delete": 600000000000
                            },
                            "schema_version": "1"
                        },
                        "tainted": false
                    },
                    "deposed": [],
                    "provider": "provider.aws"
                },
                "aws_subnet.subnet-a": {
                    "type": "aws_subnet",
                    "depends_on": [
                        "aws_vpc.vpc"
                    ],
                    "primary": {
                        "id": "subnet-0c4c33eeb1ba46860",
                        "attributes": {
                            "arn": "arn:aws:ec2:us-east-1:363333761609:subnet/subnet-0c4c33eeb1ba46860",
                            "assign_ipv6_address_on_creation": "false",
                            "availability_zone": "us-east-1a",
                            "availability_zone_id": "use1-az2",
                            "cidr_block": "10.10.11.0/27",
                            "id": "subnet-0c4c33eeb1ba46860",
                            "ipv6_cidr_block": "",
                            "ipv6_cidr_block_association_id": "",
                            "map_public_ip_on_launch": "false",
                            "owner_id": "363333761609",
                            "tags.%": "0",
                            "vpc_id": "vpc-0b19f7d2b125c5891"
                        },
                        "meta": {
                            "e2bfb730-ecaa-11e6-8f88-34363bc7c4c0": {
                                "create": 600000000000,
                                "delete": 600000000000
                            },
                            "schema_version": "1"
                        },
                        "tainted": false
                    },
                    "deposed": [],
                    "provider": "provider.aws"
                },
                "aws_subnet.subnet-b": {
                    "type": "aws_subnet",
                    "depends_on": [
                        "aws_vpc.vpc"
                    ],
                    "primary": {
                        "id": "subnet-079316770a78570ef",
                        "attributes": {
                            "arn": "arn:aws:ec2:us-east-1:363333761609:subnet/subnet-079316770a78570ef",
                            "assign_ipv6_address_on_creation": "false",
                            "availability_zone": "us-east-1b",
                            "availability_zone_id": "use1-az4",
                            "cidr_block": "10.10.11.32/27",
                            "id": "subnet-079316770a78570ef",
                            "ipv6_cidr_block": "",
                            "ipv6_cidr_block_association_id": "",
                            "map_public_ip_on_launch": "false",
                            "owner_id": "363333761609",
                            "tags.%": "0",
                            "vpc_id": "vpc-0b19f7d2b125c5891"
                        },
                        "meta": {
                            "e2bfb730-ecaa-11e6-8f88-34363bc7c4c0": {
                                "create": 600000000000,
                                "delete": 600000000000
                            },
                            "schema_version": "1"
                        },
                        "tainted": false
                    },
                    "deposed": [],
                    "provider": "provider.aws"
                },
                "aws_subnet.subnet-c": {
                    "type": "aws_subnet",
                    "depends_on": [
                        "aws_vpc.vpc"
                    ],
                    "primary": {
                        "id": "subnet-0b102ee15a741f347",
                        "attributes": {
                            "arn": "arn:aws:ec2:us-east-1:363333761609:subnet/subnet-0b102ee15a741f347",
                            "assign_ipv6_address_on_creation": "false",
                            "availability_zone": "us-east-1c",
                            "availability_zone_id": "use1-az6",
                            "cidr_block": "10.10.11.64/27",
                            "id": "subnet-0b102ee15a741f347",
                            "ipv6_cidr_block": "",
                            "ipv6_cidr_block_association_id": "",
                            "map_public_ip_on_launch": "false",
                            "owner_id": "363333761609",
                            "tags.%": "0",
                            "vpc_id": "vpc-0b19f7d2b125c5891"
                        },
                        "meta": {
                            "e2bfb730-ecaa-11e6-8f88-34363bc7c4c0": {
                                "create": 600000000000,
                                "delete": 600000000000
                            },
                            "schema_version": "1"
                        },
                        "tainted": false
                    },
                    "deposed": [],
                    "provider": "provider.aws"
                },
                "aws_subnet.subnet-d": {
                    "type": "aws_subnet",
                    "depends_on": [
                        "aws_vpc.vpc"
                    ],
                    "primary": {
                        "id": "subnet-08349056c3e475682",
                        "attributes": {
                            "arn": "arn:aws:ec2:us-east-1:363333761609:subnet/subnet-08349056c3e475682",
                            "assign_ipv6_address_on_creation": "false",
                            "availability_zone": "us-east-1d",
                            "availability_zone_id": "use1-az1",
                            "cidr_block": "10.10.11.96/27",
                            "id": "subnet-08349056c3e475682",
                            "ipv6_cidr_block": "",
                            "ipv6_cidr_block_association_id": "",
                            "map_public_ip_on_launch": "false",
                            "owner_id": "363333761609",
                            "tags.%": "0",
                            "vpc_id": "vpc-0b19f7d2b125c5891"
                        },
                        "meta": {
                            "e2bfb730-ecaa-11e6-8f88-34363bc7c4c0": {
                                "create": 600000000000,
                                "delete": 600000000000
                            },
                            "schema_version": "1"
                        },
                        "tainted": false
                    },
                    "deposed": [],
                    "provider": "provider.aws"
                },
                "aws_vpc.vpc": {
                    "type": "aws_vpc",
                    "depends_on": [],
                    "primary": {
                        "id": "vpc-0b19f7d2b125c5891",
                        "attributes": {
                            "arn": "arn:aws:ec2:us-east-1:363333761609:vpc/vpc-0b19f7d2b125c5891",
                            "assign_generated_ipv6_cidr_block": "false",
                            "cidr_block": "10.10.11.0/24",
                            "default_network_acl_id": "acl-01c66a0c2a5065808",
                            "default_route_table_id": "rtb-061da4607964760c6",
                            "default_security_group_id": "sg-01aa719c7ee8ce2ce",
                            "dhcp_options_id": "dopt-c3d02ba7",
                            "enable_classiclink": "false",
                            "enable_classiclink_dns_support": "false",
                            "enable_dns_hostnames": "true",
                            "enable_dns_support": "true",
                            "id": "vpc-0b19f7d2b125c5891",
                            "instance_tenancy": "default",
                            "ipv6_association_id": "",
                            "ipv6_cidr_block": "",
                            "main_route_table_id": "rtb-061da4607964760c6",
                            "owner_id": "363333761609",
                            "tags.%": "0"
                        },
                        "meta": {
                            "schema_version": "1"
                        },
                        "tainted": false
                    },
                    "deposed": [],
                    "provider": "provider.aws"
                },
                "data.aws_ami.centos": {
                    "type": "aws_ami",
                    "depends_on": [],
                    "primary": {
                        "id": "ami-02eac2c0129f6376b",
                        "attributes": {
                            "architecture": "x86_64",
                            "block_device_mappings.#": "1",
                            "block_device_mappings.1270490221.device_name": "/dev/sda1",
                            "block_device_mappings.1270490221.ebs.%": "6",
                            "block_device_mappings.1270490221.ebs.delete_on_termination": "false",
                            "block_device_mappings.1270490221.ebs.encrypted": "false",
                            "block_device_mappings.1270490221.ebs.iops": "0",
                            "block_device_mappings.1270490221.ebs.snapshot_id": "snap-010d360e3cba720ba",
                            "block_device_mappings.1270490221.ebs.volume_size": "8",
                            "block_device_mappings.1270490221.ebs.volume_type": "gp2",
                            "block_device_mappings.1270490221.no_device": "",
                            "block_device_mappings.1270490221.virtual_name": "",
                            "creation_date": "2019-01-30T23:40:58.000Z",
                            "description": "CentOS Linux 7 x86_64 HVM EBS ENA 1901_01",
                            "filter.#": "2",
                            "filter.10731936.name": "description",
                            "filter.10731936.values.#": "1",
                            "filter.10731936.values.0": "CentOS Linux 7 x86_64 HVM EBS ENA*",
                            "filter.1512677012.name": "product-code",
                            "filter.1512677012.values.#": "1",
                            "filter.1512677012.values.0": "aw0evgkw8e5c1q413zgy5pjce",
                            "hypervisor": "xen",
                            "id": "ami-02eac2c0129f6376b",
                            "image_id": "ami-02eac2c0129f6376b",
                            "image_location": "aws-marketplace/CentOS Linux 7 x86_64 HVM EBS ENA 1901_01-b7ee8a69-ee97-4a49-9e68-afaee216db2e-ami-05713873c6794f575.4",
                            "image_owner_alias": "aws-marketplace",
                            "image_type": "machine",
                            "most_recent": "true",
                            "name": "CentOS Linux 7 x86_64 HVM EBS ENA 1901_01-b7ee8a69-ee97-4a49-9e68-afaee216db2e-ami-05713873c6794f575.4",
                            "owner_id": "679593333241",
                            "owners.#": "1",
                            "owners.0": "679593333241",
                            "product_codes.#": "1",
                            "product_codes.347650389.product_code_id": "aw0evgkw8e5c1q413zgy5pjce",
                            "product_codes.347650389.product_code_type": "marketplace",
                            "public": "true",
                            "root_device_name": "/dev/sda1",
                            "root_device_type": "ebs",
                            "root_snapshot_id": "snap-010d360e3cba720ba",
                            "sriov_net_support": "simple",
                            "state": "available",
                            "state_reason.%": "2",
                            "state_reason.code": "UNSET",
                            "state_reason.message": "UNSET",
                            "tags.%": "0",
                            "virtualization_type": "hvm"
                        },
                        "meta": {},
                        "tainted": false
                    },
                    "deposed": [],
                    "provider": "provider.aws"
                }
            },
            "depends_on": []
        }
    ]
}
